
Microsoft Visual Studio Solution File, Format Version 12.00
# Visual Studio Version 17
VisualStudioVersion = 17.8.34525.116
MinimumVisualStudioVersion = 10.0.40219.1
Project("{FAE04EC0-301F-11D3-BF4B-00C04F79EFBC}") = "Microservices.WebGateway.Api", "WebGateway\Microservices.WebGateway.Api.csproj", "{31222704-F5A5-45AF-B767-8DE8A9BDE82F}"
EndProject
Project("{2150E333-8FDC-42A3-9474-1A3956D46DE8}") = "Gateway", "Gateway", "{C7BFEC5A-DD2D-4BB7-A16F-4B00BA49BE94}"
EndProject
Project("{FAE04EC0-301F-11D3-BF4B-00C04F79EFBC}") = "Microservices.Gateway.Testing.System", "Microservices.Gateway.Testing.System\Microservices.Gateway.Testing.System.csproj", "{282F1EF2-0E7A-4AD1-8E95-ED58495465C7}"
EndProject
Project("{2150E333-8FDC-42A3-9474-1A3956D46DE8}") = "Client", "Client", "{455DA699-5CBA-446F-9C38-1C815D1CDB11}"
EndProject
Project("{2150E333-8FDC-42A3-9474-1A3956D46DE8}") = "Testing", "Testing", "{918C0D1D-2246-426F-8C45-6CCF3845D218}"
EndProject
Project("{FAE04EC0-301F-11D3-BF4B-00C04F79EFBC}") = "Microservices.Gateway.Clients", "Microservices.Gateway.Clients\Microservices.Gateway.Clients.csproj", "{E0548A47-57B9-4722-BB53-F5D4E4A105AC}"
EndProject
Project("{2150E333-8FDC-42A3-9474-1A3956D46DE8}") = "Microservices", "Microservices", "{80434CF7-8F97-4584-8796-C8DA00B95501}"
EndProject
Project("{2150E333-8FDC-42A3-9474-1A3956D46DE8}") = "Authentication", "Authentication", "{70DFEF47-3E1D-45C1-B1DE-D38352BF3A41}"
EndProject
Project("{FAE04EC0-301F-11D3-BF4B-00C04F79EFBC}") = "MicroservicesTestingDemo.Authentication.Api", "MicroservicesTestingDemo.Authentication.Api\MicroservicesTestingDemo.Authentication.Api.csproj", "{8466DE24-94AC-4AFE-9A99-66AB20D2FD32}"
EndProject
Project("{2150E333-8FDC-42A3-9474-1A3956D46DE8}") = "Clients", "Clients", "{A9E57533-4BF1-40B7-A3DB-21B01CC96AE4}"
EndProject
Project("{2150E333-8FDC-42A3-9474-1A3956D46DE8}") = "Testing", "Testing", "{8BB37FA5-A455-4986-9BE8-948BAC501B21}"
EndProject
Project("{FAE04EC0-301F-11D3-BF4B-00C04F79EFBC}") = "Microservices.Authentication.Testing.Integration", "Microservices.Authentication.Testing.Integration\Microservices.Authentication.Testing.Integration.csproj", "{0C84F716-F97A-499B-BF88-245FB3DE64A4}"
EndProject
Project("{FAE04EC0-301F-11D3-BF4B-00C04F79EFBC}") = "Microservices.Authentication.Testing.Unitary", "Microservices.Authentication.Testing.Unitary\Microservices.Authentication.Testing.Unitary.csproj", "{23EA95BB-EEE5-47A5-9C78-99BA2B5B9E81}"
EndProject
Project("{FAE04EC0-301F-11D3-BF4B-00C04F79EFBC}") = "Microservices.Authentication.Clients", "Microservices.Authentication.Clients\Microservices.Authentication.Clients.csproj", "{D04F8AFF-9D98-479D-9ED5-2B8876DE838E}"
EndProject
Project("{2150E333-8FDC-42A3-9474-1A3956D46DE8}") = "Locations", "Locations", "{FD066A3C-E45C-4C7F-B9EB-4A219FF97BF1}"
EndProject
Project("{2150E333-8FDC-42A3-9474-1A3956D46DE8}") = "Deliveries", "Deliveries", "{D3D2FEAB-ED2E-4D5E-AD8F-773D6871CDA9}"
EndProject
Project("{2150E333-8FDC-42A3-9474-1A3956D46DE8}") = "Clients", "Clients", "{9D6E166D-0339-40DE-8C20-ED5373DCBE40}"
EndProject
Project("{FAE04EC0-301F-11D3-BF4B-00C04F79EFBC}") = "Microservices.Deliveries.Api", "Microservices.Deliveries.Api\Microservices.Deliveries.Api.csproj", "{8B7E3B2D-6DF4-440C-8D7D-DC83668C3443}"
EndProject
Project("{2150E333-8FDC-42A3-9474-1A3956D46DE8}") = "Clients", "Clients", "{33D298A2-DA35-4B8A-8470-26BE8F8EFA40}"
EndProject
Project("{2150E333-8FDC-42A3-9474-1A3956D46DE8}") = "Testing", "Testing", "{1E03D80D-6B9E-47AF-8BF1-F88D5A2B8615}"
EndProject
Project("{2150E333-8FDC-42A3-9474-1A3956D46DE8}") = "Clients", "Clients", "{8E9CFE64-32A9-4B3D-9F61-AFAAF2EACBEE}"
EndProject
Project("{2150E333-8FDC-42A3-9474-1A3956D46DE8}") = "Testing", "Testing", "{B4DAE24B-AC25-4136-8A96-C44B211864DF}"
EndProject
Project("{FAE04EC0-301F-11D3-BF4B-00C04F79EFBC}") = "Microservices.Locations.Api", "Microservices.Locations.Api\Microservices.Locations.Api.csproj", "{3B771007-040C-4311-B11B-F5A5E48FDDD3}"
EndProject
Project("{FAE04EC0-301F-11D3-BF4B-00C04F79EFBC}") = "Microservices.Locations.Testing.Unitary", "Microservices.Locations.Testing.Unitary\Microservices.Locations.Testing.Unitary.csproj", "{FAC14AF3-C388-43D6-BA07-3CD9FCA7EE96}"
EndProject
Project("{FAE04EC0-301F-11D3-BF4B-00C04F79EFBC}") = "Microservices.Locations.Testing.Integration", "Microservices.Locations.Testing.Integration\Microservices.Locations.Testing.Integration.csproj", "{F1EF1264-06C2-41BA-9423-091F0263EBC3}"
EndProject
Project("{FAE04EC0-301F-11D3-BF4B-00C04F79EFBC}") = "Microservices.Locations.Clients", "Microservices.Locations.Clients\Microservices.Locations.Clients.csproj", "{7C958E66-42E9-4F40-A852-3015BD83BF2B}"
EndProject
Project("{FAE04EC0-301F-11D3-BF4B-00C04F79EFBC}") = "Microservices.Deliveries.Testing.Integration", "Microservices.Deliveries.Testing.Integration\Microservices.Deliveries.Testing.Integration.csproj", "{6CF1FF55-9082-4FF6-AF23-1ED5839B8F80}"
EndProject
Project("{FAE04EC0-301F-11D3-BF4B-00C04F79EFBC}") = "Microservices.Deliveries.Testing.Unitary", "Microservices.Deliveries.Testing.Unitary\Microservices.Deliveries.Testing.Unitary.csproj", "{1A70724E-0DB1-4C66-946A-D0993F043BA2}"
EndProject
Project("{FAE04EC0-301F-11D3-BF4B-00C04F79EFBC}") = "Microservices.Deliveries.Clients", "Microservices.Deliveries.Clients\Microservices.Deliveries.Clients.csproj", "{D9E4F713-9066-40C2-8DC1-12C4672DF902}"
EndProject
Global
	GlobalSection(SolutionConfigurationPlatforms) = preSolution
		Debug|Any CPU = Debug|Any CPU
		Release|Any CPU = Release|Any CPU
	EndGlobalSection
	GlobalSection(ProjectConfigurationPlatforms) = postSolution
		{31222704-F5A5-45AF-B767-8DE8A9BDE82F}.Debug|Any CPU.ActiveCfg = Debug|Any CPU
		{31222704-F5A5-45AF-B767-8DE8A9BDE82F}.Debug|Any CPU.Build.0 = Debug|Any CPU
		{31222704-F5A5-45AF-B767-8DE8A9BDE82F}.Release|Any CPU.ActiveCfg = Release|Any CPU
		{31222704-F5A5-45AF-B767-8DE8A9BDE82F}.Release|Any CPU.Build.0 = Release|Any CPU
		{282F1EF2-0E7A-4AD1-8E95-ED58495465C7}.Debug|Any CPU.ActiveCfg = Debug|Any CPU
		{282F1EF2-0E7A-4AD1-8E95-ED58495465C7}.Debug|Any CPU.Build.0 = Debug|Any CPU
		{282F1EF2-0E7A-4AD1-8E95-ED58495465C7}.Release|Any CPU.ActiveCfg = Release|Any CPU
		{282F1EF2-0E7A-4AD1-8E95-ED58495465C7}.Release|Any CPU.Build.0 = Release|Any CPU
		{E0548A47-57B9-4722-BB53-F5D4E4A105AC}.Debug|Any CPU.ActiveCfg = Debug|Any CPU
		{E0548A47-57B9-4722-BB53-F5D4E4A105AC}.Debug|Any CPU.Build.0 = Debug|Any CPU
		{E0548A47-57B9-4722-BB53-F5D4E4A105AC}.Release|Any CPU.ActiveCfg = Release|Any CPU
		{E0548A47-57B9-4722-BB53-F5D4E4A105AC}.Release|Any CPU.Build.0 = Release|Any CPU
		{8466DE24-94AC-4AFE-9A99-66AB20D2FD32}.Debug|Any CPU.ActiveCfg = Debug|Any CPU
		{8466DE24-94AC-4AFE-9A99-66AB20D2FD32}.Debug|Any CPU.Build.0 = Debug|Any CPU
		{8466DE24-94AC-4AFE-9A99-66AB20D2FD32}.Release|Any CPU.ActiveCfg = Release|Any CPU
		{8466DE24-94AC-4AFE-9A99-66AB20D2FD32}.Release|Any CPU.Build.0 = Release|Any CPU
		{0C84F716-F97A-499B-BF88-245FB3DE64A4}.Debug|Any CPU.ActiveCfg = Debug|Any CPU
		{0C84F716-F97A-499B-BF88-245FB3DE64A4}.Debug|Any CPU.Build.0 = Debug|Any CPU
		{0C84F716-F97A-499B-BF88-245FB3DE64A4}.Release|Any CPU.ActiveCfg = Release|Any CPU
		{0C84F716-F97A-499B-BF88-245FB3DE64A4}.Release|Any CPU.Build.0 = Release|Any CPU
		{23EA95BB-EEE5-47A5-9C78-99BA2B5B9E81}.Debug|Any CPU.ActiveCfg = Debug|Any CPU
		{23EA95BB-EEE5-47A5-9C78-99BA2B5B9E81}.Debug|Any CPU.Build.0 = Debug|Any CPU
		{23EA95BB-EEE5-47A5-9C78-99BA2B5B9E81}.Release|Any CPU.ActiveCfg = Release|Any CPU
		{23EA95BB-EEE5-47A5-9C78-99BA2B5B9E81}.Release|Any CPU.Build.0 = Release|Any CPU
		{D04F8AFF-9D98-479D-9ED5-2B8876DE838E}.Debug|Any CPU.ActiveCfg = Debug|Any CPU
		{D04F8AFF-9D98-479D-9ED5-2B8876DE838E}.Debug|Any CPU.Build.0 = Debug|Any CPU
		{D04F8AFF-9D98-479D-9ED5-2B8876DE838E}.Release|Any CPU.ActiveCfg = Release|Any CPU
		{D04F8AFF-9D98-479D-9ED5-2B8876DE838E}.Release|Any CPU.Build.0 = Release|Any CPU
		{8B7E3B2D-6DF4-440C-8D7D-DC83668C3443}.Debug|Any CPU.ActiveCfg = Debug|Any CPU
		{8B7E3B2D-6DF4-440C-8D7D-DC83668C3443}.Debug|Any CPU.Build.0 = Debug|Any CPU
		{8B7E3B2D-6DF4-440C-8D7D-DC83668C3443}.Release|Any CPU.ActiveCfg = Release|Any CPU
		{8B7E3B2D-6DF4-440C-8D7D-DC83668C3443}.Release|Any CPU.Build.0 = Release|Any CPU
		{3B771007-040C-4311-B11B-F5A5E48FDDD3}.Debug|Any CPU.ActiveCfg = Debug|Any CPU
		{3B771007-040C-4311-B11B-F5A5E48FDDD3}.Debug|Any CPU.Build.0 = Debug|Any CPU
		{3B771007-040C-4311-B11B-F5A5E48FDDD3}.Release|Any CPU.ActiveCfg = Release|Any CPU
		{3B771007-040C-4311-B11B-F5A5E48FDDD3}.Release|Any CPU.Build.0 = Release|Any CPU
		{FAC14AF3-C388-43D6-BA07-3CD9FCA7EE96}.Debug|Any CPU.ActiveCfg = Debug|Any CPU
		{FAC14AF3-C388-43D6-BA07-3CD9FCA7EE96}.Debug|Any CPU.Build.0 = Debug|Any CPU
		{FAC14AF3-C388-43D6-BA07-3CD9FCA7EE96}.Release|Any CPU.ActiveCfg = Release|Any CPU
		{FAC14AF3-C388-43D6-BA07-3CD9FCA7EE96}.Release|Any CPU.Build.0 = Release|Any CPU
		{F1EF1264-06C2-41BA-9423-091F0263EBC3}.Debug|Any CPU.ActiveCfg = Debug|Any CPU
		{F1EF1264-06C2-41BA-9423-091F0263EBC3}.Debug|Any CPU.Build.0 = Debug|Any CPU
		{F1EF1264-06C2-41BA-9423-091F0263EBC3}.Release|Any CPU.ActiveCfg = Release|Any CPU
		{F1EF1264-06C2-41BA-9423-091F0263EBC3}.Release|Any CPU.Build.0 = Release|Any CPU
		{7C958E66-42E9-4F40-A852-3015BD83BF2B}.Debug|Any CPU.ActiveCfg = Debug|Any CPU
		{7C958E66-42E9-4F40-A852-3015BD83BF2B}.Debug|Any CPU.Build.0 = Debug|Any CPU
		{7C958E66-42E9-4F40-A852-3015BD83BF2B}.Release|Any CPU.ActiveCfg = Release|Any CPU
		{7C958E66-42E9-4F40-A852-3015BD83BF2B}.Release|Any CPU.Build.0 = Release|Any CPU
		{6CF1FF55-9082-4FF6-AF23-1ED5839B8F80}.Debug|Any CPU.ActiveCfg = Debug|Any CPU
		{6CF1FF55-9082-4FF6-AF23-1ED5839B8F80}.Debug|Any CPU.Build.0 = Debug|Any CPU
		{6CF1FF55-9082-4FF6-AF23-1ED5839B8F80}.Release|Any CPU.ActiveCfg = Release|Any CPU
		{6CF1FF55-9082-4FF6-AF23-1ED5839B8F80}.Release|Any CPU.Build.0 = Release|Any CPU
		{1A70724E-0DB1-4C66-946A-D0993F043BA2}.Debug|Any CPU.ActiveCfg = Debug|Any CPU
		{1A70724E-0DB1-4C66-946A-D0993F043BA2}.Debug|Any CPU.Build.0 = Debug|Any CPU
		{1A70724E-0DB1-4C66-946A-D0993F043BA2}.Release|Any CPU.ActiveCfg = Release|Any CPU
		{1A70724E-0DB1-4C66-946A-D0993F043BA2}.Release|Any CPU.Build.0 = Release|Any CPU
		{D9E4F713-9066-40C2-8DC1-12C4672DF902}.Debug|Any CPU.ActiveCfg = Debug|Any CPU
		{D9E4F713-9066-40C2-8DC1-12C4672DF902}.Debug|Any CPU.Build.0 = Debug|Any CPU
		{D9E4F713-9066-40C2-8DC1-12C4672DF902}.Release|Any CPU.ActiveCfg = Release|Any CPU
		{D9E4F713-9066-40C2-8DC1-12C4672DF902}.Release|Any CPU.Build.0 = Release|Any CPU
	EndGlobalSection
	GlobalSection(SolutionProperties) = preSolution
		HideSolutionNode = FALSE
	EndGlobalSection
	GlobalSection(NestedProjects) = preSolution
		{31222704-F5A5-45AF-B767-8DE8A9BDE82F} = {C7BFEC5A-DD2D-4BB7-A16F-4B00BA49BE94}
		{282F1EF2-0E7A-4AD1-8E95-ED58495465C7} = {918C0D1D-2246-426F-8C45-6CCF3845D218}
		{455DA699-5CBA-446F-9C38-1C815D1CDB11} = {C7BFEC5A-DD2D-4BB7-A16F-4B00BA49BE94}
		{918C0D1D-2246-426F-8C45-6CCF3845D218} = {C7BFEC5A-DD2D-4BB7-A16F-4B00BA49BE94}
		{E0548A47-57B9-4722-BB53-F5D4E4A105AC} = {455DA699-5CBA-446F-9C38-1C815D1CDB11}
		{70DFEF47-3E1D-45C1-B1DE-D38352BF3A41} = {80434CF7-8F97-4584-8796-C8DA00B95501}
		{8466DE24-94AC-4AFE-9A99-66AB20D2FD32} = {70DFEF47-3E1D-45C1-B1DE-D38352BF3A41}
		{A9E57533-4BF1-40B7-A3DB-21B01CC96AE4} = {70DFEF47-3E1D-45C1-B1DE-D38352BF3A41}
		{8BB37FA5-A455-4986-9BE8-948BAC501B21} = {70DFEF47-3E1D-45C1-B1DE-D38352BF3A41}
		{0C84F716-F97A-499B-BF88-245FB3DE64A4} = {8BB37FA5-A455-4986-9BE8-948BAC501B21}
		{23EA95BB-EEE5-47A5-9C78-99BA2B5B9E81} = {8BB37FA5-A455-4986-9BE8-948BAC501B21}
		{D04F8AFF-9D98-479D-9ED5-2B8876DE838E} = {A9E57533-4BF1-40B7-A3DB-21B01CC96AE4}
		{FD066A3C-E45C-4C7F-B9EB-4A219FF97BF1} = {80434CF7-8F97-4584-8796-C8DA00B95501}
		{D3D2FEAB-ED2E-4D5E-AD8F-773D6871CDA9} = {80434CF7-8F97-4584-8796-C8DA00B95501}
		{8B7E3B2D-6DF4-440C-8D7D-DC83668C3443} = {D3D2FEAB-ED2E-4D5E-AD8F-773D6871CDA9}
		{33D298A2-DA35-4B8A-8470-26BE8F8EFA40} = {D3D2FEAB-ED2E-4D5E-AD8F-773D6871CDA9}
		{1E03D80D-6B9E-47AF-8BF1-F88D5A2B8615} = {D3D2FEAB-ED2E-4D5E-AD8F-773D6871CDA9}
		{8E9CFE64-32A9-4B3D-9F61-AFAAF2EACBEE} = {FD066A3C-E45C-4C7F-B9EB-4A219FF97BF1}
		{B4DAE24B-AC25-4136-8A96-C44B211864DF} = {FD066A3C-E45C-4C7F-B9EB-4A219FF97BF1}
		{3B771007-040C-4311-B11B-F5A5E48FDDD3} = {FD066A3C-E45C-4C7F-B9EB-4A219FF97BF1}
		{FAC14AF3-C388-43D6-BA07-3CD9FCA7EE96} = {B4DAE24B-AC25-4136-8A96-C44B211864DF}
		{F1EF1264-06C2-41BA-9423-091F0263EBC3} = {B4DAE24B-AC25-4136-8A96-C44B211864DF}
		{7C958E66-42E9-4F40-A852-3015BD83BF2B} = {8E9CFE64-32A9-4B3D-9F61-AFAAF2EACBEE}
		{6CF1FF55-9082-4FF6-AF23-1ED5839B8F80} = {1E03D80D-6B9E-47AF-8BF1-F88D5A2B8615}
		{1A70724E-0DB1-4C66-946A-D0993F043BA2} = {1E03D80D-6B9E-47AF-8BF1-F88D5A2B8615}
		{D9E4F713-9066-40C2-8DC1-12C4672DF902} = {33D298A2-DA35-4B8A-8470-26BE8F8EFA40}
	EndGlobalSection
	GlobalSection(ExtensibilityGlobals) = postSolution
		SolutionGuid = {F350D6BE-0FAA-4FBF-820D-25DE892D70CD}
	EndGlobalSection
EndGlobal
